// !$*UTF8*$!
{
	archiveVersion = 1;
	classes = {
	};
	objectVersion = 56;
	objects = {

/* Begin PBXBuildFile section */
		E90BCEC72B7D1AD30027FF9F /* LibraryApp.swift in Sources */ = {isa = PBXBuildFile; fileRef = E90BCEC62B7D1AD30027FF9F /* LibraryApp.swift */; };
		E90BCEC92B7D1AD30027FF9F /* MainView.swift in Sources */ = {isa = PBXBuildFile; fileRef = E90BCEC82B7D1AD30027FF9F /* MainView.swift */; };
		E90BCECB2B7D1AD40027FF9F /* Assets.xcassets in Resources */ = {isa = PBXBuildFile; fileRef = E90BCECA2B7D1AD40027FF9F /* Assets.xcassets */; };
		E90BCECE2B7D1AD40027FF9F /* Preview Assets.xcassets in Resources */ = {isa = PBXBuildFile; fileRef = E90BCECD2B7D1AD40027FF9F /* Preview Assets.xcassets */; };
		E90BCED72B7D1B590027FF9F /* LibraryView.swift in Sources */ = {isa = PBXBuildFile; fileRef = E90BCED62B7D1B590027FF9F /* LibraryView.swift */; };
		E90BCEDA2B7D1B6A0027FF9F /* AuthorsListView.swift in Sources */ = {isa = PBXBuildFile; fileRef = E90BCED92B7D1B6A0027FF9F /* AuthorsListView.swift */; };
		E90BCEDD2B7D1C4F0027FF9F /* Author.swift in Sources */ = {isa = PBXBuildFile; fileRef = E90BCEDC2B7D1C4F0027FF9F /* Author.swift */; };
		E90BCEDF2B7D1C550027FF9F /* Book.swift in Sources */ = {isa = PBXBuildFile; fileRef = E90BCEDE2B7D1C550027FF9F /* Book.swift */; };
		E90BCEE12B7D1F1F0027FF9F /* AuthorEditorSheet.swift in Sources */ = {isa = PBXBuildFile; fileRef = E90BCEE02B7D1F1F0027FF9F /* AuthorEditorSheet.swift */; };
		E90BCEE32B7D2E450027FF9F /* BookEditorSheet.swift in Sources */ = {isa = PBXBuildFile; fileRef = E90BCEE22B7D2E450027FF9F /* BookEditorSheet.swift */; };
		E90BCEE62B7D34FF0027FF9F /* BookRow.swift in Sources */ = {isa = PBXBuildFile; fileRef = E90BCEE52B7D34FF0027FF9F /* BookRow.swift */; };
		E90BCEE82B7D42F30027FF9F /* BookView.swift in Sources */ = {isa = PBXBuildFile; fileRef = E90BCEE72B7D42F30027FF9F /* BookView.swift */; };
		E90BCEEB2B7D55CE0027FF9F /* Library.swift in Sources */ = {isa = PBXBuildFile; fileRef = E90BCEEA2B7D55CE0027FF9F /* Library.swift */; };
		E90BCEED2B7D572C0027FF9F /* BookList.swift in Sources */ = {isa = PBXBuildFile; fileRef = E90BCEEC2B7D572C0027FF9F /* BookList.swift */; };
		E90BCEEF2B7D593B0027FF9F /* FilterSheet.swift in Sources */ = {isa = PBXBuildFile; fileRef = E90BCEEE2B7D593B0027FF9F /* FilterSheet.swift */; };
		E95D9BFF2B80B43800D53B5D /* AuthorRow.swift in Sources */ = {isa = PBXBuildFile; fileRef = E95D9BFE2B80B43800D53B5D /* AuthorRow.swift */; };
		E988A60A2B864EA300FE969D /* Preview.swift in Sources */ = {isa = PBXBuildFile; fileRef = E988A6092B864EA300FE969D /* Preview.swift */; };
		E99ED7962B7E1D32006E9070 /* AuthorView.swift in Sources */ = {isa = PBXBuildFile; fileRef = E99ED7952B7E1D32006E9070 /* AuthorView.swift */; };
/* End PBXBuildFile section */

/* Begin PBXFileReference section */
		E90BCEC32B7D1AD30027FF9F /* Library.app */ = {isa = PBXFileReference; explicitFileType = wrapper.application; includeInIndex = 0; path = Library.app; sourceTree = BUILT_PRODUCTS_DIR; };
		E90BCEC62B7D1AD30027FF9F /* LibraryApp.swift */ = {isa = PBXFileReference; lastKnownFileType = sourcecode.swift; path = LibraryApp.swift; sourceTree = "<group>"; };
		E90BCEC82B7D1AD30027FF9F /* MainView.swift */ = {isa = PBXFileReference; lastKnownFileType = sourcecode.swift; path = MainView.swift; sourceTree = "<group>"; };
		E90BCECA2B7D1AD40027FF9F /* Assets.xcassets */ = {isa = PBXFileReference; lastKnownFileType = folder.assetcatalog; path = Assets.xcassets; sourceTree = "<group>"; };
		E90BCECD2B7D1AD40027FF9F /* Preview Assets.xcassets */ = {isa = PBXFileReference; lastKnownFileType = folder.assetcatalog; path = "Preview Assets.xcassets"; sourceTree = "<group>"; };
		E90BCED62B7D1B590027FF9F /* LibraryView.swift */ = {isa = PBXFileReference; lastKnownFileType = sourcecode.swift; path = LibraryView.swift; sourceTree = "<group>"; };
		E90BCED92B7D1B6A0027FF9F /* AuthorsListView.swift */ = {isa = PBXFileReference; lastKnownFileType = sourcecode.swift; path = AuthorsListView.swift; sourceTree = "<group>"; };
		E90BCEDC2B7D1C4F0027FF9F /* Author.swift */ = {isa = PBXFileReference; lastKnownFileType = sourcecode.swift; path = Author.swift; sourceTree = "<group>"; };
		E90BCEDE2B7D1C550027FF9F /* Book.swift */ = {isa = PBXFileReference; lastKnownFileType = sourcecode.swift; path = Book.swift; sourceTree = "<group>"; };
		E90BCEE02B7D1F1F0027FF9F /* AuthorEditorSheet.swift */ = {isa = PBXFileReference; lastKnownFileType = sourcecode.swift; path = AuthorEditorSheet.swift; sourceTree = "<group>"; };
		E90BCEE22B7D2E450027FF9F /* BookEditorSheet.swift */ = {isa = PBXFileReference; lastKnownFileType = sourcecode.swift; path = BookEditorSheet.swift; sourceTree = "<group>"; };
		E90BCEE52B7D34FF0027FF9F /* BookRow.swift */ = {isa = PBXFileReference; lastKnownFileType = sourcecode.swift; path = BookRow.swift; sourceTree = "<group>"; };
		E90BCEE72B7D42F30027FF9F /* BookView.swift */ = {isa = PBXFileReference; lastKnownFileType = sourcecode.swift; path = BookView.swift; sourceTree = "<group>"; };
		E90BCEEA2B7D55CE0027FF9F /* Library.swift */ = {isa = PBXFileReference; lastKnownFileType = sourcecode.swift; path = Library.swift; sourceTree = "<group>"; };
		E90BCEEC2B7D572C0027FF9F /* BookList.swift */ = {isa = PBXFileReference; lastKnownFileType = sourcecode.swift; path = BookList.swift; sourceTree = "<group>"; };
		E90BCEEE2B7D593B0027FF9F /* FilterSheet.swift */ = {isa = PBXFileReference; lastKnownFileType = sourcecode.swift; path = FilterSheet.swift; sourceTree = "<group>"; };
		E95D9BFE2B80B43800D53B5D /* AuthorRow.swift */ = {isa = PBXFileReference; lastKnownFileType = sourcecode.swift; path = AuthorRow.swift; sourceTree = "<group>"; };
		E988A6092B864EA300FE969D /* Preview.swift */ = {isa = PBXFileReference; lastKnownFileType = sourcecode.swift; path = Preview.swift; sourceTree = "<group>"; };
		E99ED7952B7E1D32006E9070 /* AuthorView.swift */ = {isa = PBXFileReference; lastKnownFileType = sourcecode.swift; path = AuthorView.swift; sourceTree = "<group>"; };
/* End PBXFileReference section */

/* Begin PBXFrameworksBuildPhase section */
		E90BCEC02B7D1AD30027FF9F /* Frameworks */ = {
			isa = PBXFrameworksBuildPhase;
			buildActionMask = 2147483647;
			files = (
			);
			runOnlyForDeploymentPostprocessing = 0;
		};
/* End PBXFrameworksBuildPhase section */

/* Begin PBXGroup section */
		E90BCEBA2B7D1AD30027FF9F = {
			isa = PBXGroup;
			children = (
				E90BCEC52B7D1AD30027FF9F /* Library */,
				E90BCEC42B7D1AD30027FF9F /* Products */,
			);
			sourceTree = "<group>";
		};
		E90BCEC42B7D1AD30027FF9F /* Products */ = {
			isa = PBXGroup;
			children = (
				E90BCEC32B7D1AD30027FF9F /* Library.app */,
			);
			name = Products;
			sourceTree = "<group>";
		};
		E90BCEC52B7D1AD30027FF9F /* Library */ = {
			isa = PBXGroup;
			children = (
				E90BCEC62B7D1AD30027FF9F /* LibraryApp.swift */,
				E90BCED42B7D1B490027FF9F /* View */,
				E90BCEE92B7D55BE0027FF9F /* ViewModel */,
				E90BCEDB2B7D1C440027FF9F /* Model */,
				E90BCECA2B7D1AD40027FF9F /* Assets.xcassets */,
				E90BCECC2B7D1AD40027FF9F /* Preview Content */,
			);
			path = Library;
			sourceTree = "<group>";
		};
		E90BCECC2B7D1AD40027FF9F /* Preview Content */ = {
			isa = PBXGroup;
			children = (
				E90BCECD2B7D1AD40027FF9F /* Preview Assets.xcassets */,
				E988A6092B864EA300FE969D /* Preview.swift */,
			);
			path = "Preview Content";
			sourceTree = "<group>";
		};
		E90BCED42B7D1B490027FF9F /* View */ = {
			isa = PBXGroup;
			children = (
				E90BCEC82B7D1AD30027FF9F /* MainView.swift */,
				E90BCED52B7D1B4E0027FF9F /* Library */,
				E90BCED82B7D1B5E0027FF9F /* Authors */,
			);
			path = View;
			sourceTree = "<group>";
		};
		E90BCED52B7D1B4E0027FF9F /* Library */ = {
			isa = PBXGroup;
			children = (
				E90BCED62B7D1B590027FF9F /* LibraryView.swift */,
				E90BCEE72B7D42F30027FF9F /* BookView.swift */,
				E90BCEE22B7D2E450027FF9F /* BookEditorSheet.swift */,
				E90BCEEE2B7D593B0027FF9F /* FilterSheet.swift */,
				E90BCEE42B7D34EC0027FF9F /* Components */,
			);
			path = Library;
			sourceTree = "<group>";
		};
		E90BCED82B7D1B5E0027FF9F /* Authors */ = {
			isa = PBXGroup;
			children = (
				E90BCED92B7D1B6A0027FF9F /* AuthorsListView.swift */,
				E99ED7952B7E1D32006E9070 /* AuthorView.swift */,
				E90BCEE02B7D1F1F0027FF9F /* AuthorEditorSheet.swift */,
				E95D9C002B80B44300D53B5D /* Components */,
			);
			path = Authors;
			sourceTree = "<group>";
		};
		E90BCEDB2B7D1C440027FF9F /* Model */ = {
			isa = PBXGroup;
			children = (
				E90BCEDE2B7D1C550027FF9F /* Book.swift */,
				E90BCEDC2B7D1C4F0027FF9F /* Author.swift */,
			);
			path = Model;
			sourceTree = "<group>";
		};
		E90BCEE42B7D34EC0027FF9F /* Components */ = {
			isa = PBXGroup;
			children = (
				E90BCEEC2B7D572C0027FF9F /* BookList.swift */,
				E90BCEE52B7D34FF0027FF9F /* BookRow.swift */,
			);
			path = Components;
			sourceTree = "<group>";
		};
		E90BCEE92B7D55BE0027FF9F /* ViewModel */ = {
			isa = PBXGroup;
			children = (
				E90BCEEA2B7D55CE0027FF9F /* Library.swift */,
			);
			path = ViewModel;
			sourceTree = "<group>";
		};
		E95D9C002B80B44300D53B5D /* Components */ = {
			isa = PBXGroup;
			children = (
				E95D9BFE2B80B43800D53B5D /* AuthorRow.swift */,
			);
			path = Components;
			sourceTree = "<group>";
		};
/* End PBXGroup section */

/* Begin PBXNativeTarget section */
		E90BCEC22B7D1AD30027FF9F /* Library */ = {
			isa = PBXNativeTarget;
			buildConfigurationList = E90BCED12B7D1AD40027FF9F /* Build configuration list for PBXNativeTarget "Library" */;
			buildPhases = (
				E90BCEBF2B7D1AD30027FF9F /* Sources */,
				E90BCEC02B7D1AD30027FF9F /* Frameworks */,
				E90BCEC12B7D1AD30027FF9F /* Resources */,
			);
			buildRules = (
			);
			dependencies = (
			);
			name = Library;
			productName = Library;
			productReference = E90BCEC32B7D1AD30027FF9F /* Library.app */;
			productType = "com.apple.product-type.application";
		};
/* End PBXNativeTarget section */

/* Begin PBXProject section */
		E90BCEBB2B7D1AD30027FF9F /* Project object */ = {
			isa = PBXProject;
			attributes = {
				BuildIndependentTargetsInParallel = 1;
				LastSwiftUpdateCheck = 1520;
				LastUpgradeCheck = 1520;
				TargetAttributes = {
					E90BCEC22B7D1AD30027FF9F = {
						CreatedOnToolsVersion = 15.2;
					};
				};
			};
			buildConfigurationList = E90BCEBE2B7D1AD30027FF9F /* Build configuration list for PBXProject "Library" */;
			compatibilityVersion = "Xcode 14.0";
			developmentRegion = en;
			hasScannedForEncodings = 0;
			knownRegions = (
				en,
				Base,
			);
			mainGroup = E90BCEBA2B7D1AD30027FF9F;
			productRefGroup = E90BCEC42B7D1AD30027FF9F /* Products */;
			projectDirPath = "";
			projectRoot = "";
			targets = (
				E90BCEC22B7D1AD30027FF9F /* Library */,
			);
		};
/* End PBXProject section */

/* Begin PBXResourcesBuildPhase section */
		E90BCEC12B7D1AD30027FF9F /* Resources */ = {
			isa = PBXResourcesBuildPhase;
			buildActionMask = 2147483647;
			files = (
				E90BCECE2B7D1AD40027FF9F /* Preview Assets.xcassets in Resources */,
				E90BCECB2B7D1AD40027FF9F /* Assets.xcassets in Resources */,
			);
			runOnlyForDeploymentPostprocessing = 0;
		};
/* End PBXResourcesBuildPhase section */

/* Begin PBXSourcesBuildPhase section */
		E90BCEBF2B7D1AD30027FF9F /* Sources */ = {
			isa = PBXSourcesBuildPhase;
			buildActionMask = 2147483647;
			files = (
				E90BCEED2B7D572C0027FF9F /* BookList.swift in Sources */,
				E90BCEC92B7D1AD30027FF9F /* MainView.swift in Sources */,
				E90BCEDA2B7D1B6A0027FF9F /* AuthorsListView.swift in Sources */,
				E95D9BFF2B80B43800D53B5D /* AuthorRow.swift in Sources */,
				E90BCEE12B7D1F1F0027FF9F /* AuthorEditorSheet.swift in Sources */,
				E90BCEE32B7D2E450027FF9F /* BookEditorSheet.swift in Sources */,
				E90BCEDF2B7D1C550027FF9F /* Book.swift in Sources */,
				E90BCED72B7D1B590027FF9F /* LibraryView.swift in Sources */,
				E90BCEC72B7D1AD30027FF9F /* LibraryApp.swift in Sources */,
				E90BCEEF2B7D593B0027FF9F /* FilterSheet.swift in Sources */,
				E988A60A2B864EA300FE969D /* Preview.swift in Sources */,
				E99ED7962B7E1D32006E9070 /* AuthorView.swift in Sources */,
				E90BCEDD2B7D1C4F0027FF9F /* Author.swift in Sources */,
				E90BCEE62B7D34FF0027FF9F /* BookRow.swift in Sources */,
				E90BCEEB2B7D55CE0027FF9F /* Library.swift in Sources */,
				E90BCEE82B7D42F30027FF9F /* BookView.swift in Sources */,
			);
			runOnlyForDeploymentPostprocessing = 0;
		};
/* End PBXSourcesBuildPhase section */

/* Begin XCBuildConfiguration section */
		E90BCECF2B7D1AD40027FF9F /* Debug */ = {
			isa = XCBuildConfiguration;
			buildSettings = {
				ALWAYS_SEARCH_USER_PATHS = NO;
				ASSETCATALOG_COMPILER_GENERATE_SWIFT_ASSET_SYMBOL_EXTENSIONS = YES;
				CLANG_ANALYZER_NONNULL = YES;
				CLANG_ANALYZER_NUMBER_OBJECT_CONVERSION = YES_AGGRESSIVE;
				CLANG_CXX_LANGUAGE_STANDARD = "gnu++20";
				CLANG_ENABLE_MODULES = YES;
				CLANG_ENABLE_OBJC_ARC = YES;
				CLANG_ENABLE_OBJC_WEAK = YES;
				CLANG_WARN_BLOCK_CAPTURE_AUTORELEASING = YES;
				CLANG_WARN_BOOL_CONVERSION = YES;
				CLANG_WARN_COMMA = YES;
				CLANG_WARN_CONSTANT_CONVERSION = YES;
				CLANG_WARN_DEPRECATED_OBJC_IMPLEMENTATIONS = YES;
				CLANG_WARN_DIRECT_OBJC_ISA_USAGE = YES_ERROR;
				CLANG_WARN_DOCUMENTATION_COMMENTS = YES;
				CLANG_WARN_EMPTY_BODY = YES;
				CLANG_WARN_ENUM_CONVERSION = YES;
				CLANG_WARN_INFINITE_RECURSION = YES;
				CLANG_WARN_INT_CONVERSION = YES;
				CLANG_WARN_NON_LITERAL_NULL_CONVERSION = YES;
				CLANG_WARN_OBJC_IMPLICIT_RETAIN_SELF = YES;
				CLANG_WARN_OBJC_LITERAL_CONVERSION = YES;
				CLANG_WARN_OBJC_ROOT_CLASS = YES_ERROR;
				CLANG_WARN_QUOTED_INCLUDE_IN_FRAMEWORK_HEADER = YES;
				CLANG_WARN_RANGE_LOOP_ANALYSIS = YES;
				CLANG_WARN_STRICT_PROTOTYPES = YES;
				CLANG_WARN_SUSPICIOUS_MOVE = YES;
				CLANG_WARN_UNGUARDED_AVAILABILITY = YES_AGGRESSIVE;
				CLANG_WARN_UNREACHABLE_CODE = YES;
				CLANG_WARN__DUPLICATE_METHOD_MATCH = YES;
				COPY_PHASE_STRIP = NO;
				DEBUG_INFORMATION_FORMAT = dwarf;
				ENABLE_STRICT_OBJC_MSGSEND = YES;
				ENABLE_TESTABILITY = YES;
				ENABLE_USER_SCRIPT_SANDBOXING = YES;
				GCC_C_LANGUAGE_STANDARD = gnu17;
				GCC_DYNAMIC_NO_PIC = NO;
				GCC_NO_COMMON_BLOCKS = YES;
				GCC_OPTIMIZATION_LEVEL = 0;
				GCC_PREPROCESSOR_DEFINITIONS = (
					"DEBUG=1",
					"$(inherited)",
				);
				GCC_WARN_64_TO_32_BIT_CONVERSION = YES;
				GCC_WARN_ABOUT_RETURN_TYPE = YES_ERROR;
				GCC_WARN_UNDECLARED_SELECTOR = YES;
				GCC_WARN_UNINITIALIZED_AUTOS = YES_AGGRESSIVE;
				GCC_WARN_UNUSED_FUNCTION = YES;
				GCC_WARN_UNUSED_VARIABLE = YES;
				IPHONEOS_DEPLOYMENT_TARGET = 17.2;
				LOCALIZATION_PREFERS_STRING_CATALOGS = YES;
				MTL_ENABLE_DEBUG_INFO = INCLUDE_SOURCE;
				MTL_FAST_MATH = YES;
				ONLY_ACTIVE_ARCH = YES;
				SDKROOT = iphoneos;
				SWIFT_ACTIVE_COMPILATION_CONDITIONS = "DEBUG $(inherited)";
				SWIFT_OPTIMIZATION_LEVEL = "-Onone";
			};
			name = Debug;
		};
		E90BCED02B7D1AD40027FF9F /* Release */ = {
			isa = XCBuildConfiguration;
			buildSettings = {
				ALWAYS_SEARCH_USER_PATHS = NO;
				ASSETCATALOG_COMPILER_GENERATE_SWIFT_ASSET_SYMBOL_EXTENSIONS = YES;
				CLANG_ANALYZER_NONNULL = YES;
				CLANG_ANALYZER_NUMBER_OBJECT_CONVERSION = YES_AGGRESSIVE;
				CLANG_CXX_LANGUAGE_STANDARD = "gnu++20";
				CLANG_ENABLE_MODULES = YES;
				CLANG_ENABLE_OBJC_ARC = YES;
				CLANG_ENABLE_OBJC_WEAK = YES;
				CLANG_WARN_BLOCK_CAPTURE_AUTORELEASING = YES;
				CLANG_WARN_BOOL_CONVERSION = YES;
				CLANG_WARN_COMMA = YES;
				CLANG_WARN_CONSTANT_CONVERSION = YES;
				CLANG_WARN_DEPRECATED_OBJC_IMPLEMENTATIONS = YES;
				CLANG_WARN_DIRECT_OBJC_ISA_USAGE = YES_ERROR;
				CLANG_WARN_DOCUMENTATION_COMMENTS = YES;
				CLANG_WARN_EMPTY_BODY = YES;
				CLANG_WARN_ENUM_CONVERSION = YES;
				CLANG_WARN_INFINITE_RECURSION = YES;
				CLANG_WARN_INT_CONVERSION = YES;
				CLANG_WARN_NON_LITERAL_NULL_CONVERSION = YES;
				CLANG_WARN_OBJC_IMPLICIT_RETAIN_SELF = YES;
				CLANG_WARN_OBJC_LITERAL_CONVERSION = YES;
				CLANG_WARN_OBJC_ROOT_CLASS = YES_ERROR;
				CLANG_WARN_QUOTED_INCLUDE_IN_FRAMEWORK_HEADER = YES;
				CLANG_WARN_RANGE_LOOP_ANALYSIS = YES;
				CLANG_WARN_STRICT_PROTOTYPES = YES;
				CLANG_WARN_SUSPICIOUS_MOVE = YES;
				CLANG_WARN_UNGUARDED_AVAILABILITY = YES_AGGRESSIVE;
				CLANG_WARN_UNREACHABLE_CODE = YES;
				CLANG_WARN__DUPLICATE_METHOD_MATCH = YES;
				COPY_PHASE_STRIP = NO;
				DEBUG_INFORMATION_FORMAT = "dwarf-with-dsym";
				ENABLE_NS_ASSERTIONS = NO;
				ENABLE_STRICT_OBJC_MSGSEND = YES;
				ENABLE_USER_SCRIPT_SANDBOXING = YES;
				GCC_C_LANGUAGE_STANDARD = gnu17;
				GCC_NO_COMMON_BLOCKS = YES;
				GCC_WARN_64_TO_32_BIT_CONVERSION = YES;
				GCC_WARN_ABOUT_RETURN_TYPE = YES_ERROR;
				GCC_WARN_UNDECLARED_SELECTOR = YES;
				GCC_WARN_UNINITIALIZED_AUTOS = YES_AGGRESSIVE;
				GCC_WARN_UNUSED_FUNCTION = YES;
				GCC_WARN_UNUSED_VARIABLE = YES;
				IPHONEOS_DEPLOYMENT_TARGET = 17.2;
				LOCALIZATION_PREFERS_STRING_CATALOGS = YES;
				MTL_ENABLE_DEBUG_INFO = NO;
				MTL_FAST_MATH = YES;
				SDKROOT = iphoneos;
				SWIFT_COMPILATION_MODE = wholemodule;
				VALIDATE_PRODUCT = YES;
			};
			name = Release;
		};
		E90BCED22B7D1AD40027FF9F /* Debug */ = {
			isa = XCBuildConfiguration;
			buildSettings = {
				ASSETCATALOG_COMPILER_APPICON_NAME = AppIcon;
				ASSETCATALOG_COMPILER_GLOBAL_ACCENT_COLOR_NAME = AccentColor;
				CODE_SIGN_STYLE = Automatic;
				CURRENT_PROJECT_VERSION = 1;
				DEVELOPMENT_ASSET_PATHS = "\"Library/Preview Content\"";
				DEVELOPMENT_TEAM = XU4S6U6593;
				ENABLE_PREVIEWS = YES;
				GENERATE_INFOPLIST_FILE = YES;
				INFOPLIST_KEY_UIApplicationSceneManifest_Generation = YES;
				INFOPLIST_KEY_UIApplicationSupportsIndirectInputEvents = YES;
				INFOPLIST_KEY_UILaunchScreen_Generation = YES;
				INFOPLIST_KEY_UISupportedInterfaceOrientations = UIInterfaceOrientationPortrait;
				INFOPLIST_KEY_UISupportedInterfaceOrientations_iPad = "UIInterfaceOrientationLandscapeLeft UIInterfaceOrientationLandscapeRight UIInterfaceOrientationPortrait UIInterfaceOrientationPortraitUpsideDown";
				LD_RUNPATH_SEARCH_PATHS = (
					"$(inherited)",
					"@executable_path/Frameworks",
				);
				MARKETING_VERSION = 1.0;
				PRODUCT_BUNDLE_IDENTIFIER = com.alekyan.ruslan.Library;
				PRODUCT_NAME = "$(TARGET_NAME)";
				SWIFT_EMIT_LOC_STRINGS = YES;
				SWIFT_VERSION = 5.0;
				TARGETED_DEVICE_FAMILY = "1,2";
			};
			name = Debug;
		};
		E90BCED32B7D1AD40027FF9F /* Release */ = {
			isa = XCBuildConfiguration;
			buildSettings = {
				ASSETCATALOG_COMPILER_APPICON_NAME = AppIcon;
				ASSETCATALOG_COMPILER_GLOBAL_ACCENT_COLOR_NAME = AccentColor;
				CODE_SIGN_STYLE = Automatic;
				CURRENT_PROJECT_VERSION = 1;
				DEVELOPMENT_ASSET_PATHS = "\"Library/Preview Content\"";
				DEVELOPMENT_TEAM = XU4S6U6593;
				ENABLE_PREVIEWS = YES;
				GENERATE_INFOPLIST_FILE = YES;
				INFOPLIST_KEY_UIApplicationSceneManifest_Generation = YES;
				INFOPLIST_KEY_UIApplicationSupportsIndirectInputEvents = YES;
				INFOPLIST_KEY_UILaunchScreen_Generation = YES;
				INFOPLIST_KEY_UISupportedInterfaceOrientations = UIInterfaceOrientationPortrait;
				INFOPLIST_KEY_UISupportedInterfaceOrientations_iPad = "UIInterfaceOrientationLandscapeLeft UIInterfaceOrientationLandscapeRight UIInterfaceOrientationPortrait UIInterfaceOrientationPortraitUpsideDown";
				LD_RUNPATH_SEARCH_PATHS = (
					"$(inherited)",
					"@executable_path/Frameworks",
				);
				MARKETING_VERSION = 1.0;
				PRODUCT_BUNDLE_IDENTIFIER = com.alekyan.ruslan.Library;
				PRODUCT_NAME = "$(TARGET_NAME)";
				SWIFT_EMIT_LOC_STRINGS = YES;
				SWIFT_VERSION = 5.0;
				TARGETED_DEVICE_FAMILY = "1,2";
			};
			name = Release;
		};
/* End XCBuildConfiguration section */

/* Begin XCConfigurationList section */
		E90BCEBE2B7D1AD30027FF9F /* Build configuration list for PBXProject "Library" */ = {
			isa = XCConfigurationList;
			buildConfigurations = (
				E90BCECF2B7D1AD40027FF9F /* Debug */,
				E90BCED02B7D1AD40027FF9F /* Release */,
			);
			defaultConfigurationIsVisible = 0;
			defaultConfigurationName = Release;
		};
		E90BCED12B7D1AD40027FF9F /* Build configuration list for PBXNativeTarget "Library" */ = {
			isa = XCConfigurationList;
			buildConfigurations = (
				E90BCED22B7D1AD40027FF9F /* Debug */,
				E90BCED32B7D1AD40027FF9F /* Release */,
			);
			defaultConfigurationIsVisible = 0;
			defaultConfigurationName = Release;
		};
/* End XCConfigurationList section */
	};
	rootObject = E90BCEBB2B7D1AD30027FF9F /* Project object */;
}
